// !$*UTF8*$!
{
	archiveVersion = 1;
	classes = {
	};
	objectVersion = 50;
	objects = {

/* Begin PBXBuildFile section */
		FBA6FC41211545EB00A091A1 /* DetailJSONViewController.swift in Sources */ = {isa = PBXBuildFile; fileRef = FBA6FC40211545EB00A091A1 /* DetailJSONViewController.swift */; };
		FBF961FC21152A0A0084AE8B /* AppDelegate.swift in Sources */ = {isa = PBXBuildFile; fileRef = FBF961FB21152A0A0084AE8B /* AppDelegate.swift */; };
		FBF9620121152A0A0084AE8B /* Main.storyboard in Resources */ = {isa = PBXBuildFile; fileRef = FBF961FF21152A0A0084AE8B /* Main.storyboard */; };
		FBF9620321152A0D0084AE8B /* Assets.xcassets in Resources */ = {isa = PBXBuildFile; fileRef = FBF9620221152A0D0084AE8B /* Assets.xcassets */; };
		FBF9620621152A0D0084AE8B /* LaunchScreen.storyboard in Resources */ = {isa = PBXBuildFile; fileRef = FBF9620421152A0D0084AE8B /* LaunchScreen.storyboard */; };
		FBF9620E21152C4C0084AE8B /* ListaViewController.swift in Sources */ = {isa = PBXBuildFile; fileRef = FBF9620D21152C4C0084AE8B /* ListaViewController.swift */; };
		FBF96210211531600084AE8B /* DetailViewController.swift in Sources */ = {isa = PBXBuildFile; fileRef = FBF9620F211531600084AE8B /* DetailViewController.swift */; };
		FBF962122115384C0084AE8B /* PersonaViewController.swift in Sources */ = {isa = PBXBuildFile; fileRef = FBF962112115384C0084AE8B /* PersonaViewController.swift */; };
		FBF9621421153C020084AE8B /* TipoJSONViewController.swift in Sources */ = {isa = PBXBuildFile; fileRef = FBF9621321153C020084AE8B /* TipoJSONViewController.swift */; };
/* End PBXBuildFile section */

/* Begin PBXFileReference section */
		FBA6FC40211545EB00A091A1 /* DetailJSONViewController.swift */ = {isa = PBXFileReference; lastKnownFileType = sourcecode.swift; path = DetailJSONViewController.swift; sourceTree = "<group>"; };
		FBF961F821152A0A0084AE8B /* Clase7Mod1.app */ = {isa = PBXFileReference; explicitFileType = wrapper.application; includeInIndex = 0; path = Clase7Mod1.app; sourceTree = BUILT_PRODUCTS_DIR; };
		FBF961FB21152A0A0084AE8B /* AppDelegate.swift */ = {isa = PBXFileReference; lastKnownFileType = sourcecode.swift; path = AppDelegate.swift; sourceTree = "<group>"; };
		FBF9620021152A0A0084AE8B /* Base */ = {isa = PBXFileReference; lastKnownFileType = file.storyboard; name = Base; path = Base.lproj/Main.storyboard; sourceTree = "<group>"; };
		FBF9620221152A0D0084AE8B /* Assets.xcassets */ = {isa = PBXFileReference; lastKnownFileType = folder.assetcatalog; path = Assets.xcassets; sourceTree = "<group>"; };
		FBF9620521152A0D0084AE8B /* Base */ = {isa = PBXFileReference; lastKnownFileType = file.storyboard; name = Base; path = Base.lproj/LaunchScreen.storyboard; sourceTree = "<group>"; };
		FBF9620721152A0D0084AE8B /* Info.plist */ = {isa = PBXFileReference; lastKnownFileType = text.plist.xml; path = Info.plist; sourceTree = "<group>"; };
		FBF9620D21152C4C0084AE8B /* ListaViewController.swift */ = {isa = PBXFileReference; lastKnownFileType = sourcecode.swift; path = ListaViewController.swift; sourceTree = "<group>"; };
		FBF9620F211531600084AE8B /* DetailViewController.swift */ = {isa = PBXFileReference; lastKnownFileType = sourcecode.swift; path = DetailViewController.swift; sourceTree = "<group>"; };
		FBF962112115384C0084AE8B /* PersonaViewController.swift */ = {isa = PBXFileReference; lastKnownFileType = sourcecode.swift; path = PersonaViewController.swift; sourceTree = "<group>"; };
		FBF9621321153C020084AE8B /* TipoJSONViewController.swift */ = {isa = PBXFileReference; lastKnownFileType = sourcecode.swift; path = TipoJSONViewController.swift; sourceTree = "<group>"; };
/* End PBXFileReference section */

/* Begin PBXFrameworksBuildPhase section */
		FBF961F521152A0A0084AE8B /* Frameworks */ = {
			isa = PBXFrameworksBuildPhase;
			buildActionMask = 2147483647;
			files = (
			);
			runOnlyForDeploymentPostprocessing = 0;
		};
/* End PBXFrameworksBuildPhase section */

/* Begin PBXGroup section */
		FBF961EF21152A0A0084AE8B = {
			isa = PBXGroup;
			children = (
				FBF961FA21152A0A0084AE8B /* Clase7Mod1 */,
				FBF961F921152A0A0084AE8B /* Products */,
			);
			sourceTree = "<group>";
		};
		FBF961F921152A0A0084AE8B /* Products */ = {
			isa = PBXGroup;
			children = (
				FBF961F821152A0A0084AE8B /* Clase7Mod1.app */,
			);
			name = Products;
			sourceTree = "<group>";
		};
		FBF961FA21152A0A0084AE8B /* Clase7Mod1 */ = {
			isa = PBXGroup;
			children = (
				FBF961FB21152A0A0084AE8B /* AppDelegate.swift */,
				FBF961FF21152A0A0084AE8B /* Main.storyboard */,
				FBF9620221152A0D0084AE8B /* Assets.xcassets */,
				FBF9620421152A0D0084AE8B /* LaunchScreen.storyboard */,
				FBF9620721152A0D0084AE8B /* Info.plist */,
				FBF9620D21152C4C0084AE8B /* ListaViewController.swift */,
				FBF9620F211531600084AE8B /* DetailViewController.swift */,
				FBF962112115384C0084AE8B /* PersonaViewController.swift */,
				FBF9621321153C020084AE8B /* TipoJSONViewController.swift */,
				FBA6FC40211545EB00A091A1 /* DetailJSONViewController.swift */,
			);
			path = Clase7Mod1;
			sourceTree = "<group>";
		};
/* End PBXGroup section */

/* Begin PBXNativeTarget section */
		FBF961F721152A0A0084AE8B /* Clase7Mod1 */ = {
			isa = PBXNativeTarget;
			buildConfigurationList = FBF9620A21152A0D0084AE8B /* Build configuration list for PBXNativeTarget "Clase7Mod1" */;
			buildPhases = (
				FBF961F421152A0A0084AE8B /* Sources */,
				FBF961F521152A0A0084AE8B /* Frameworks */,
				FBF961F621152A0A0084AE8B /* Resources */,
			);
			buildRules = (
			);
			dependencies = (
			);
			name = Clase7Mod1;
			productName = Clase7Mod1;
			productReference = FBF961F821152A0A0084AE8B /* Clase7Mod1.app */;
			productType = "com.apple.product-type.application";
		};
/* End PBXNativeTarget section */

/* Begin PBXProject section */
		FBF961F021152A0A0084AE8B /* Project object */ = {
			isa = PBXProject;
			attributes = {
				LastSwiftUpdateCheck = 1000;
				LastUpgradeCheck = 1000;
				ORGANIZATIONNAME = "Area 51 Training Center S.A.C";
				TargetAttributes = {
					FBF961F721152A0A0084AE8B = {
						CreatedOnToolsVersion = 10.0;
					};
				};
			};
			buildConfigurationList = FBF961F321152A0A0084AE8B /* Build configuration list for PBXProject "Clase7Mod1" */;
			compatibilityVersion = "Xcode 9.3";
			developmentRegion = en;
			hasScannedForEncodings = 0;
			knownRegions = (
				en,
				Base,
			);
			mainGroup = FBF961EF21152A0A0084AE8B;
			productRefGroup = FBF961F921152A0A0084AE8B /* Products */;
			projectDirPath = "";
			projectRoot = "";
			targets = (
				FBF961F721152A0A0084AE8B /* Clase7Mod1 */,
			);
		};
/* End PBXProject section */

/* Begin PBXResourcesBuildPhase section */
		FBF961F621152A0A0084AE8B /* Resources */ = {
			isa = PBXResourcesBuildPhase;
			buildActionMask = 2147483647;
			files = (
				FBF9620621152A0D0084AE8B /* LaunchScreen.storyboard in Resources */,
				FBF9620321152A0D0084AE8B /* Assets.xcassets in Resources */,
				FBF9620121152A0A0084AE8B /* Main.storyboard in Resources */,
			);
			runOnlyForDeploymentPostprocessing = 0;
		};
/* End PBXResourcesBuildPhase section */

/* Begin PBXSourcesBuildPhase section */
		FBF961F421152A0A0084AE8B /* Sources */ = {
			isa = PBXSourcesBuildPhase;
			buildActionMask = 2147483647;
			files = (
				FBF96210211531600084AE8B /* DetailViewController.swift in Sources */,
				FBA6FC41211545EB00A091A1 /* DetailJSONViewController.swift in Sources */,
				FBF962122115384C0084AE8B /* PersonaViewController.swift in Sources */,
				FBF9621421153C020084AE8B /* TipoJSONViewController.swift in Sources */,
				FBF9620E21152C4C0084AE8B /* ListaViewController.swift in Sources */,
				FBF961FC21152A0A0084AE8B /* AppDelegate.swift in Sources */,
			);
			runOnlyForDeploymentPostprocessing = 0;
		};
/* End PBXSourcesBuildPhase section */

/* Begin PBXVariantGroup section */
		FBF961FF21152A0A0084AE8B /* Main.storyboard */ = {
			isa = PBXVariantGroup;
			children = (
				FBF9620021152A0A0084AE8B /* Base */,
			);
			name = Main.storyboard;
			sourceTree = "<group>";
		};
		FBF9620421152A0D0084AE8B /* LaunchScreen.storyboard */ = {
			isa = PBXVariantGroup;
			children = (
				FBF9620521152A0D0084AE8B /* Base */,
			);
			name = LaunchScreen.storyboard;
			sourceTree = "<group>";
		};
/* End PBXVariantGroup section */

/* Begin XCBuildConfiguration section */
		FBF9620821152A0D0084AE8B /* Debug */ = {
			isa = XCBuildConfiguration;
			buildSettings = {
				ALWAYS_SEARCH_USER_PATHS = NO;
				CLANG_ANALYZER_NONNULL = YES;
				CLANG_ANALYZER_NUMBER_OBJECT_CONVERSION = YES_AGGRESSIVE;
				CLANG_CXX_LANGUAGE_STANDARD = "gnu++14";
				CLANG_CXX_LIBRARY = "libc++";
				CLANG_ENABLE_MODULES = YES;
				CLANG_ENABLE_OBJC_ARC = YES;
				CLANG_ENABLE_OBJC_WEAK = YES;
				CLANG_WARN_BLOCK_CAPTURE_AUTORELEASING = YES;
				CLANG_WARN_BOOL_CONVERSION = YES;
				CLANG_WARN_COMMA = YES;
				CLANG_WARN_CONSTANT_CONVERSION = YES;
				CLANG_WARN_DEPRECATED_OBJC_IMPLEMENTATIONS = YES;
				CLANG_WARN_DIRECT_OBJC_ISA_USAGE = YES_ERROR;
				CLANG_WARN_DOCUMENTATION_COMMENTS = YES;
				CLANG_WARN_EMPTY_BODY = YES;
				CLANG_WARN_ENUM_CONVERSION = YES;
				CLANG_WARN_INFINITE_RECURSION = YES;
				CLANG_WARN_INT_CONVERSION = YES;
				CLANG_WARN_NON_LITERAL_NULL_CONVERSION = YES;
				CLANG_WARN_OBJC_IMPLICIT_RETAIN_SELF = YES;
				CLANG_WARN_OBJC_LITERAL_CONVERSION = YES;
				CLANG_WARN_OBJC_ROOT_CLASS = YES_ERROR;
				CLANG_WARN_RANGE_LOOP_ANALYSIS = YES;
				CLANG_WARN_STRICT_PROTOTYPES = YES;
				CLANG_WARN_SUSPICIOUS_MOVE = YES;
				CLANG_WARN_UNGUARDED_AVAILABILITY = YES_AGGRESSIVE;
				CLANG_WARN_UNREACHABLE_CODE = YES;
				CLANG_WARN__DUPLICATE_METHOD_MATCH = YES;
				CODE_SIGN_IDENTITY = "iPhone Developer";
				COPY_PHASE_STRIP = NO;
				DEBUG_INFORMATION_FORMAT = dwarf;
				ENABLE_STRICT_OBJC_MSGSEND = YES;
				ENABLE_TESTABILITY = YES;
				GCC_C_LANGUAGE_STANDARD = gnu11;
				GCC_DYNAMIC_NO_PIC = NO;
				GCC_NO_COMMON_BLOCKS = YES;
				GCC_OPTIMIZATION_LEVEL = 0;
				GCC_PREPROCESSOR_DEFINITIONS = (
					"DEBUG=1",
					"$(inherited)",
				);
				GCC_WARN_64_TO_32_BIT_CONVERSION = YES;
				GCC_WARN_ABOUT_RETURN_TYPE = YES_ERROR;
				GCC_WARN_UNDECLARED_SELECTOR = YES;
				GCC_WARN_UNINITIALIZED_AUTOS = YES_AGGRESSIVE;
				GCC_WARN_UNUSED_FUNCTION = YES;
				GCC_WARN_UNUSED_VARIABLE = YES;
				IPHONEOS_DEPLOYMENT_TARGET = 12.0;
				MTL_ENABLE_DEBUG_INFO = INCLUDE_SOURCE;
				MTL_FAST_MATH = YES;
				ONLY_ACTIVE_ARCH = YES;
				SDKROOT = iphoneos;
				SWIFT_ACTIVE_COMPILATION_CONDITIONS = DEBUG;
				SWIFT_OPTIMIZATION_LEVEL = "-Onone";
			};
			name = Debug;
		};
		FBF9620921152A0D0084AE8B /* Release */ = {
			isa = XCBuildConfiguration;
			buildSettings = {
				ALWAYS_SEARCH_USER_PATHS = NO;
				CLANG_ANALYZER_NONNULL = YES;
				CLANG_ANALYZER_NUMBER_OBJECT_CONVERSION = YES_AGGRESSIVE;
				CLANG_CXX_LANGUAGE_STANDARD = "gnu++14";
				CLANG_CXX_LIBRARY = "libc++";
				CLANG_ENABLE_MODULES = YES;
				CLANG_ENABLE_OBJC_ARC = YES;
				CLANG_ENABLE_OBJC_WEAK = YES;
				CLANG_WARN_BLOCK_CAPTURE_AUTORELEASING = YES;
				CLANG_WARN_BOOL_CONVERSION = YES;
				CLANG_WARN_COMMA = YES;
				CLANG_WARN_CONSTANT_CONVERSION = YES;
				CLANG_WARN_DEPRECATED_OBJC_IMPLEMENTATIONS = YES;
				CLANG_WARN_DIRECT_OBJC_ISA_USAGE = YES_ERROR;
				CLANG_WARN_DOCUMENTATION_COMMENTS = YES;
				CLANG_WARN_EMPTY_BODY = YES;
				CLANG_WARN_ENUM_CONVERSION = YES;
				CLANG_WARN_INFINITE_RECURSION = YES;
				CLANG_WARN_INT_CONVERSION = YES;
				CLANG_WARN_NON_LITERAL_NULL_CONVERSION = YES;
				CLANG_WARN_OBJC_IMPLICIT_RETAIN_SELF = YES;
				CLANG_WARN_OBJC_LITERAL_CONVERSION = YES;
				CLANG_WARN_OBJC_ROOT_CLASS = YES_ERROR;
				CLANG_WARN_RANGE_LOOP_ANALYSIS = YES;
				CLANG_WARN_STRICT_PROTOTYPES = YES;
				CLANG_WARN_SUSPICIOUS_MOVE = YES;
				CLANG_WARN_UNGUARDED_AVAILABILITY = YES_AGGRESSIVE;
				CLANG_WARN_UNREACHABLE_CODE = YES;
				CLANG_WARN__DUPLICATE_METHOD_MATCH = YES;
				CODE_SIGN_IDENTITY = "iPhone Developer";
				COPY_PHASE_STRIP = NO;
				DEBUG_INFORMATION_FORMAT = "dwarf-with-dsym";
				ENABLE_NS_ASSERTIONS = NO;
				ENABLE_STRICT_OBJC_MSGSEND = YES;
				GCC_C_LANGUAGE_STANDARD = gnu11;
				GCC_NO_COMMON_BLOCKS = YES;
				GCC_WARN_64_TO_32_BIT_CONVERSION = YES;
				GCC_WARN_ABOUT_RETURN_TYPE = YES_ERROR;
				GCC_WARN_UNDECLARED_SELECTOR = YES;
				GCC_WARN_UNINITIALIZED_AUTOS = YES_AGGRESSIVE;
				GCC_WARN_UNUSED_FUNCTION = YES;
				GCC_WARN_UNUSED_VARIABLE = YES;
				IPHONEOS_DEPLOYMENT_TARGET = 12.0;
				MTL_ENABLE_DEBUG_INFO = NO;
				MTL_FAST_MATH = YES;
				SDKROOT = iphoneos;
				SWIFT_COMPILATION_MODE = wholemodule;
				SWIFT_OPTIMIZATION_LEVEL = "-O";
				VALIDATE_PRODUCT = YES;
			};
			name = Release;
		};
		FBF9620B21152A0D0084AE8B /* Debug */ = {
			isa = XCBuildConfiguration;
			buildSettings = {
				ASSETCATALOG_COMPILER_APPICON_NAME = AppIcon;
				CODE_SIGN_STYLE = Automatic;
				DEVELOPMENT_TEAM = XJY6K7P63P;
				INFOPLIST_FILE = Clase7Mod1/Info.plist;
				LD_RUNPATH_SEARCH_PATHS = (
					"$(inherited)",
					"@executable_path/Frameworks",
				);
				PRODUCT_BUNDLE_IDENTIFIER = pe.area51.Clase7Mod1;
				PRODUCT_NAME = "$(TARGET_NAME)";
				SWIFT_VERSION = 4.2;
				TARGETED_DEVICE_FAMILY = "1,2";
			};
			name = Debug;
		};
		FBF9620C21152A0D0084AE8B /* Release */ = {
			isa = XCBuildConfiguration;
			buildSettings = {
				ASSETCATALOG_COMPILER_APPICON_NAME = AppIcon;
				CODE_SIGN_STYLE = Automatic;
				DEVELOPMENT_TEAM = XJY6K7P63P;
				INFOPLIST_FILE = Clase7Mod1/Info.plist;
				LD_RUNPATH_SEARCH_PATHS = (
					"$(inherited)",
					"@executable_path/Frameworks",
				);
				PRODUCT_BUNDLE_IDENTIFIER = pe.area51.Clase7Mod1;
				PRODUCT_NAME = "$(TARGET_NAME)";
				SWIFT_VERSION = 4.2;
				TARGETED_DEVICE_FAMILY = "1,2";
			};
			name = Release;
		};
/* End XCBuildConfiguration section */

/* Begin XCConfigurationList section */
		FBF961F321152A0A0084AE8B /* Build configuration list for PBXProject "Clase7Mod1" */ = {
			isa = XCConfigurationList;
			buildConfigurations = (
				FBF9620821152A0D0084AE8B /* Debug */,
				FBF9620921152A0D0084AE8B /* Release */,
			);
			defaultConfigurationIsVisible = 0;
			defaultConfigurationName = Release;
		};
		FBF9620A21152A0D0084AE8B /* Build configuration list for PBXNativeTarget "Clase7Mod1" */ = {
			isa = XCConfigurationList;
			buildConfigurations = (
				FBF9620B21152A0D0084AE8B /* Debug */,
				FBF9620C21152A0D0084AE8B /* Release */,
			);
			defaultConfigurationIsVisible = 0;
			defaultConfigurationName = Release;
		};
/* End XCConfigurationList section */
	};
	rootObject = FBF961F021152A0A0084AE8B /* Project object */;
}
