// !$*UTF8*$!
{
	archiveVersion = 1;
	classes = {
	};
	objectVersion = 50;
	objects = {

/* Begin PBXBuildFile section */
		FB4830DB211E609200F3252B /* AppDelegate.swift in Sources */ = {isa = PBXBuildFile; fileRef = FB4830DA211E609200F3252B /* AppDelegate.swift */; };
		FB4830E0211E609200F3252B /* Main.storyboard in Resources */ = {isa = PBXBuildFile; fileRef = FB4830DE211E609200F3252B /* Main.storyboard */; };
		FB4830E2211E609400F3252B /* Assets.xcassets in Resources */ = {isa = PBXBuildFile; fileRef = FB4830E1211E609400F3252B /* Assets.xcassets */; };
		FB4830E5211E609400F3252B /* LaunchScreen.storyboard in Resources */ = {isa = PBXBuildFile; fileRef = FB4830E3211E609400F3252B /* LaunchScreen.storyboard */; };
		FB4830ED211E6F2100F3252B /* ListaViewController.swift in Sources */ = {isa = PBXBuildFile; fileRef = FB4830EC211E6F2100F3252B /* ListaViewController.swift */; };
		FB4830EF211E76FA00F3252B /* HeaderReusableView.swift in Sources */ = {isa = PBXBuildFile; fileRef = FB4830EE211E76FA00F3252B /* HeaderReusableView.swift */; };
/* End PBXBuildFile section */

/* Begin PBXFileReference section */
		FB4830D7211E609200F3252B /* Clase2Mod2.app */ = {isa = PBXFileReference; explicitFileType = wrapper.application; includeInIndex = 0; path = Clase2Mod2.app; sourceTree = BUILT_PRODUCTS_DIR; };
		FB4830DA211E609200F3252B /* AppDelegate.swift */ = {isa = PBXFileReference; lastKnownFileType = sourcecode.swift; path = AppDelegate.swift; sourceTree = "<group>"; };
		FB4830DF211E609200F3252B /* Base */ = {isa = PBXFileReference; lastKnownFileType = file.storyboard; name = Base; path = Base.lproj/Main.storyboard; sourceTree = "<group>"; };
		FB4830E1211E609400F3252B /* Assets.xcassets */ = {isa = PBXFileReference; lastKnownFileType = folder.assetcatalog; path = Assets.xcassets; sourceTree = "<group>"; };
		FB4830E4211E609400F3252B /* Base */ = {isa = PBXFileReference; lastKnownFileType = file.storyboard; name = Base; path = Base.lproj/LaunchScreen.storyboard; sourceTree = "<group>"; };
		FB4830E6211E609400F3252B /* Info.plist */ = {isa = PBXFileReference; lastKnownFileType = text.plist.xml; path = Info.plist; sourceTree = "<group>"; };
		FB4830EC211E6F2100F3252B /* ListaViewController.swift */ = {isa = PBXFileReference; lastKnownFileType = sourcecode.swift; path = ListaViewController.swift; sourceTree = "<group>"; };
		FB4830EE211E76FA00F3252B /* HeaderReusableView.swift */ = {isa = PBXFileReference; lastKnownFileType = sourcecode.swift; path = HeaderReusableView.swift; sourceTree = "<group>"; };
/* End PBXFileReference section */

/* Begin PBXFrameworksBuildPhase section */
		FB4830D4211E609200F3252B /* Frameworks */ = {
			isa = PBXFrameworksBuildPhase;
			buildActionMask = 2147483647;
			files = (
			);
			runOnlyForDeploymentPostprocessing = 0;
		};
/* End PBXFrameworksBuildPhase section */

/* Begin PBXGroup section */
		FB4830CE211E609200F3252B = {
			isa = PBXGroup;
			children = (
				FB4830D9211E609200F3252B /* Clase2Mod2 */,
				FB4830D8211E609200F3252B /* Products */,
			);
			sourceTree = "<group>";
		};
		FB4830D8211E609200F3252B /* Products */ = {
			isa = PBXGroup;
			children = (
				FB4830D7211E609200F3252B /* Clase2Mod2.app */,
			);
			name = Products;
			sourceTree = "<group>";
		};
		FB4830D9211E609200F3252B /* Clase2Mod2 */ = {
			isa = PBXGroup;
			children = (
				FB4830DA211E609200F3252B /* AppDelegate.swift */,
				FB4830DE211E609200F3252B /* Main.storyboard */,
				FB4830E1211E609400F3252B /* Assets.xcassets */,
				FB4830E3211E609400F3252B /* LaunchScreen.storyboard */,
				FB4830E6211E609400F3252B /* Info.plist */,
				FB4830EC211E6F2100F3252B /* ListaViewController.swift */,
				FB4830EE211E76FA00F3252B /* HeaderReusableView.swift */,
			);
			path = Clase2Mod2;
			sourceTree = "<group>";
		};
/* End PBXGroup section */

/* Begin PBXNativeTarget section */
		FB4830D6211E609200F3252B /* Clase2Mod2 */ = {
			isa = PBXNativeTarget;
			buildConfigurationList = FB4830E9211E609400F3252B /* Build configuration list for PBXNativeTarget "Clase2Mod2" */;
			buildPhases = (
				FB4830D3211E609200F3252B /* Sources */,
				FB4830D4211E609200F3252B /* Frameworks */,
				FB4830D5211E609200F3252B /* Resources */,
			);
			buildRules = (
			);
			dependencies = (
			);
			name = Clase2Mod2;
			productName = Clase2Mod2;
			productReference = FB4830D7211E609200F3252B /* Clase2Mod2.app */;
			productType = "com.apple.product-type.application";
		};
/* End PBXNativeTarget section */

/* Begin PBXProject section */
		FB4830CF211E609200F3252B /* Project object */ = {
			isa = PBXProject;
			attributes = {
				LastSwiftUpdateCheck = 1000;
				LastUpgradeCheck = 1000;
				ORGANIZATIONNAME = "Area 51 Training Center S.A.C";
				TargetAttributes = {
					FB4830D6211E609200F3252B = {
						CreatedOnToolsVersion = 10.0;
					};
				};
			};
			buildConfigurationList = FB4830D2211E609200F3252B /* Build configuration list for PBXProject "Clase2Mod2" */;
			compatibilityVersion = "Xcode 9.3";
			developmentRegion = en;
			hasScannedForEncodings = 0;
			knownRegions = (
				en,
				Base,
			);
			mainGroup = FB4830CE211E609200F3252B;
			productRefGroup = FB4830D8211E609200F3252B /* Products */;
			projectDirPath = "";
			projectRoot = "";
			targets = (
				FB4830D6211E609200F3252B /* Clase2Mod2 */,
			);
		};
/* End PBXProject section */

/* Begin PBXResourcesBuildPhase section */
		FB4830D5211E609200F3252B /* Resources */ = {
			isa = PBXResourcesBuildPhase;
			buildActionMask = 2147483647;
			files = (
				FB4830E5211E609400F3252B /* LaunchScreen.storyboard in Resources */,
				FB4830E2211E609400F3252B /* Assets.xcassets in Resources */,
				FB4830E0211E609200F3252B /* Main.storyboard in Resources */,
			);
			runOnlyForDeploymentPostprocessing = 0;
		};
/* End PBXResourcesBuildPhase section */

/* Begin PBXSourcesBuildPhase section */
		FB4830D3211E609200F3252B /* Sources */ = {
			isa = PBXSourcesBuildPhase;
			buildActionMask = 2147483647;
			files = (
				FB4830ED211E6F2100F3252B /* ListaViewController.swift in Sources */,
				FB4830DB211E609200F3252B /* AppDelegate.swift in Sources */,
				FB4830EF211E76FA00F3252B /* HeaderReusableView.swift in Sources */,
			);
			runOnlyForDeploymentPostprocessing = 0;
		};
/* End PBXSourcesBuildPhase section */

/* Begin PBXVariantGroup section */
		FB4830DE211E609200F3252B /* Main.storyboard */ = {
			isa = PBXVariantGroup;
			children = (
				FB4830DF211E609200F3252B /* Base */,
			);
			name = Main.storyboard;
			sourceTree = "<group>";
		};
		FB4830E3211E609400F3252B /* LaunchScreen.storyboard */ = {
			isa = PBXVariantGroup;
			children = (
				FB4830E4211E609400F3252B /* Base */,
			);
			name = LaunchScreen.storyboard;
			sourceTree = "<group>";
		};
/* End PBXVariantGroup section */

/* Begin XCBuildConfiguration section */
		FB4830E7211E609400F3252B /* Debug */ = {
			isa = XCBuildConfiguration;
			buildSettings = {
				ALWAYS_SEARCH_USER_PATHS = NO;
				CLANG_ANALYZER_NONNULL = YES;
				CLANG_ANALYZER_NUMBER_OBJECT_CONVERSION = YES_AGGRESSIVE;
				CLANG_CXX_LANGUAGE_STANDARD = "gnu++14";
				CLANG_CXX_LIBRARY = "libc++";
				CLANG_ENABLE_MODULES = YES;
				CLANG_ENABLE_OBJC_ARC = YES;
				CLANG_ENABLE_OBJC_WEAK = YES;
				CLANG_WARN_BLOCK_CAPTURE_AUTORELEASING = YES;
				CLANG_WARN_BOOL_CONVERSION = YES;
				CLANG_WARN_COMMA = YES;
				CLANG_WARN_CONSTANT_CONVERSION = YES;
				CLANG_WARN_DEPRECATED_OBJC_IMPLEMENTATIONS = YES;
				CLANG_WARN_DIRECT_OBJC_ISA_USAGE = YES_ERROR;
				CLANG_WARN_DOCUMENTATION_COMMENTS = YES;
				CLANG_WARN_EMPTY_BODY = YES;
				CLANG_WARN_ENUM_CONVERSION = YES;
				CLANG_WARN_INFINITE_RECURSION = YES;
				CLANG_WARN_INT_CONVERSION = YES;
				CLANG_WARN_NON_LITERAL_NULL_CONVERSION = YES;
				CLANG_WARN_OBJC_IMPLICIT_RETAIN_SELF = YES;
				CLANG_WARN_OBJC_LITERAL_CONVERSION = YES;
				CLANG_WARN_OBJC_ROOT_CLASS = YES_ERROR;
				CLANG_WARN_RANGE_LOOP_ANALYSIS = YES;
				CLANG_WARN_STRICT_PROTOTYPES = YES;
				CLANG_WARN_SUSPICIOUS_MOVE = YES;
				CLANG_WARN_UNGUARDED_AVAILABILITY = YES_AGGRESSIVE;
				CLANG_WARN_UNREACHABLE_CODE = YES;
				CLANG_WARN__DUPLICATE_METHOD_MATCH = YES;
				CODE_SIGN_IDENTITY = "iPhone Developer";
				COPY_PHASE_STRIP = NO;
				DEBUG_INFORMATION_FORMAT = dwarf;
				ENABLE_STRICT_OBJC_MSGSEND = YES;
				ENABLE_TESTABILITY = YES;
				GCC_C_LANGUAGE_STANDARD = gnu11;
				GCC_DYNAMIC_NO_PIC = NO;
				GCC_NO_COMMON_BLOCKS = YES;
				GCC_OPTIMIZATION_LEVEL = 0;
				GCC_PREPROCESSOR_DEFINITIONS = (
					"DEBUG=1",
					"$(inherited)",
				);
				GCC_WARN_64_TO_32_BIT_CONVERSION = YES;
				GCC_WARN_ABOUT_RETURN_TYPE = YES_ERROR;
				GCC_WARN_UNDECLARED_SELECTOR = YES;
				GCC_WARN_UNINITIALIZED_AUTOS = YES_AGGRESSIVE;
				GCC_WARN_UNUSED_FUNCTION = YES;
				GCC_WARN_UNUSED_VARIABLE = YES;
				IPHONEOS_DEPLOYMENT_TARGET = 12.0;
				MTL_ENABLE_DEBUG_INFO = INCLUDE_SOURCE;
				MTL_FAST_MATH = YES;
				ONLY_ACTIVE_ARCH = YES;
				SDKROOT = iphoneos;
				SWIFT_ACTIVE_COMPILATION_CONDITIONS = DEBUG;
				SWIFT_OPTIMIZATION_LEVEL = "-Onone";
			};
			name = Debug;
		};
		FB4830E8211E609400F3252B /* Release */ = {
			isa = XCBuildConfiguration;
			buildSettings = {
				ALWAYS_SEARCH_USER_PATHS = NO;
				CLANG_ANALYZER_NONNULL = YES;
				CLANG_ANALYZER_NUMBER_OBJECT_CONVERSION = YES_AGGRESSIVE;
				CLANG_CXX_LANGUAGE_STANDARD = "gnu++14";
				CLANG_CXX_LIBRARY = "libc++";
				CLANG_ENABLE_MODULES = YES;
				CLANG_ENABLE_OBJC_ARC = YES;
				CLANG_ENABLE_OBJC_WEAK = YES;
				CLANG_WARN_BLOCK_CAPTURE_AUTORELEASING = YES;
				CLANG_WARN_BOOL_CONVERSION = YES;
				CLANG_WARN_COMMA = YES;
				CLANG_WARN_CONSTANT_CONVERSION = YES;
				CLANG_WARN_DEPRECATED_OBJC_IMPLEMENTATIONS = YES;
				CLANG_WARN_DIRECT_OBJC_ISA_USAGE = YES_ERROR;
				CLANG_WARN_DOCUMENTATION_COMMENTS = YES;
				CLANG_WARN_EMPTY_BODY = YES;
				CLANG_WARN_ENUM_CONVERSION = YES;
				CLANG_WARN_INFINITE_RECURSION = YES;
				CLANG_WARN_INT_CONVERSION = YES;
				CLANG_WARN_NON_LITERAL_NULL_CONVERSION = YES;
				CLANG_WARN_OBJC_IMPLICIT_RETAIN_SELF = YES;
				CLANG_WARN_OBJC_LITERAL_CONVERSION = YES;
				CLANG_WARN_OBJC_ROOT_CLASS = YES_ERROR;
				CLANG_WARN_RANGE_LOOP_ANALYSIS = YES;
				CLANG_WARN_STRICT_PROTOTYPES = YES;
				CLANG_WARN_SUSPICIOUS_MOVE = YES;
				CLANG_WARN_UNGUARDED_AVAILABILITY = YES_AGGRESSIVE;
				CLANG_WARN_UNREACHABLE_CODE = YES;
				CLANG_WARN__DUPLICATE_METHOD_MATCH = YES;
				CODE_SIGN_IDENTITY = "iPhone Developer";
				COPY_PHASE_STRIP = NO;
				DEBUG_INFORMATION_FORMAT = "dwarf-with-dsym";
				ENABLE_NS_ASSERTIONS = NO;
				ENABLE_STRICT_OBJC_MSGSEND = YES;
				GCC_C_LANGUAGE_STANDARD = gnu11;
				GCC_NO_COMMON_BLOCKS = YES;
				GCC_WARN_64_TO_32_BIT_CONVERSION = YES;
				GCC_WARN_ABOUT_RETURN_TYPE = YES_ERROR;
				GCC_WARN_UNDECLARED_SELECTOR = YES;
				GCC_WARN_UNINITIALIZED_AUTOS = YES_AGGRESSIVE;
				GCC_WARN_UNUSED_FUNCTION = YES;
				GCC_WARN_UNUSED_VARIABLE = YES;
				IPHONEOS_DEPLOYMENT_TARGET = 12.0;
				MTL_ENABLE_DEBUG_INFO = NO;
				MTL_FAST_MATH = YES;
				SDKROOT = iphoneos;
				SWIFT_COMPILATION_MODE = wholemodule;
				SWIFT_OPTIMIZATION_LEVEL = "-O";
				VALIDATE_PRODUCT = YES;
			};
			name = Release;
		};
		FB4830EA211E609400F3252B /* Debug */ = {
			isa = XCBuildConfiguration;
			buildSettings = {
				ASSETCATALOG_COMPILER_APPICON_NAME = AppIcon;
				CODE_SIGN_STYLE = Manual;
				DEVELOPMENT_TEAM = XJY6K7P63P;
				INFOPLIST_FILE = Clase2Mod2/Info.plist;
				LD_RUNPATH_SEARCH_PATHS = (
					"$(inherited)",
					"@executable_path/Frameworks",
				);
				PRODUCT_BUNDLE_IDENTIFIER = pe.area51.profesor;
				PRODUCT_NAME = "$(TARGET_NAME)";
				PROVISIONING_PROFILE_SPECIFIER = "Clase2Mod2Profesor Development Profile";
				SWIFT_VERSION = 4.2;
				TARGETED_DEVICE_FAMILY = "1,2";
			};
			name = Debug;
		};
		FB4830EB211E609400F3252B /* Release */ = {
			isa = XCBuildConfiguration;
			buildSettings = {
				ASSETCATALOG_COMPILER_APPICON_NAME = AppIcon;
				CODE_SIGN_IDENTITY = "iPhone Distribution";
				CODE_SIGN_STYLE = Manual;
				DEVELOPMENT_TEAM = XJY6K7P63P;
				INFOPLIST_FILE = Clase2Mod2/Info.plist;
				LD_RUNPATH_SEARCH_PATHS = (
					"$(inherited)",
					"@executable_path/Frameworks",
				);
				PRODUCT_BUNDLE_IDENTIFIER = pe.area51.profesor;
				PRODUCT_NAME = "$(TARGET_NAME)";
				PROVISIONING_PROFILE_SPECIFIER = "Clase2Mod2Profesor AppStore Distribution Profile";
				SWIFT_VERSION = 4.2;
				TARGETED_DEVICE_FAMILY = "1,2";
			};
			name = Release;
		};
/* End XCBuildConfiguration section */

/* Begin XCConfigurationList section */
		FB4830D2211E609200F3252B /* Build configuration list for PBXProject "Clase2Mod2" */ = {
			isa = XCConfigurationList;
			buildConfigurations = (
				FB4830E7211E609400F3252B /* Debug */,
				FB4830E8211E609400F3252B /* Release */,
			);
			defaultConfigurationIsVisible = 0;
			defaultConfigurationName = Release;
		};
		FB4830E9211E609400F3252B /* Build configuration list for PBXNativeTarget "Clase2Mod2" */ = {
			isa = XCConfigurationList;
			buildConfigurations = (
				FB4830EA211E609400F3252B /* Debug */,
				FB4830EB211E609400F3252B /* Release */,
			);
			defaultConfigurationIsVisible = 0;
			defaultConfigurationName = Release;
		};
/* End XCConfigurationList section */
	};
	rootObject = FB4830CF211E609200F3252B /* Project object */;
}
