// !$*UTF8*$!
{
	archiveVersion = 1;
	classes = {
	};
	objectVersion = 50;
	objects = {

/* Begin PBXBuildFile section */
		FB5AF798213E04A400049CB5 /* AppDelegate.swift in Sources */ = {isa = PBXBuildFile; fileRef = FB5AF797213E04A400049CB5 /* AppDelegate.swift */; };
		FB5AF79F213E04A600049CB5 /* Assets.xcassets in Resources */ = {isa = PBXBuildFile; fileRef = FB5AF79E213E04A600049CB5 /* Assets.xcassets */; };
		FB5AF7A2213E04A600049CB5 /* LaunchScreen.storyboard in Resources */ = {isa = PBXBuildFile; fileRef = FB5AF7A0213E04A600049CB5 /* LaunchScreen.storyboard */; };
		FB5AF7AA213E04CB00049CB5 /* Lista.storyboard in Resources */ = {isa = PBXBuildFile; fileRef = FB5AF7A9213E04CB00049CB5 /* Lista.storyboard */; };
		FB5AF7AC213E04D300049CB5 /* Detalle.storyboard in Resources */ = {isa = PBXBuildFile; fileRef = FB5AF7AB213E04D300049CB5 /* Detalle.storyboard */; };
		FB5AF7AE213E059E00049CB5 /* ListaViewController.swift in Sources */ = {isa = PBXBuildFile; fileRef = FB5AF7AD213E059E00049CB5 /* ListaViewController.swift */; };
		FB5AF7B2213E061300049CB5 /* DetalleViewController.swift in Sources */ = {isa = PBXBuildFile; fileRef = FB5AF7B1213E061300049CB5 /* DetalleViewController.swift */; };
		FB5AF7B4213E0B5600049CB5 /* Map.storyboard in Resources */ = {isa = PBXBuildFile; fileRef = FB5AF7B3213E0B5600049CB5 /* Map.storyboard */; };
		FB5AF7B6213E0B7400049CB5 /* MapViewController.swift in Sources */ = {isa = PBXBuildFile; fileRef = FB5AF7B5213E0B7400049CB5 /* MapViewController.swift */; };
/* End PBXBuildFile section */

/* Begin PBXFileReference section */
		FB5AF794213E04A400049CB5 /* Clase4Mod3.app */ = {isa = PBXFileReference; explicitFileType = wrapper.application; includeInIndex = 0; path = Clase4Mod3.app; sourceTree = BUILT_PRODUCTS_DIR; };
		FB5AF797213E04A400049CB5 /* AppDelegate.swift */ = {isa = PBXFileReference; lastKnownFileType = sourcecode.swift; path = AppDelegate.swift; sourceTree = "<group>"; };
		FB5AF79E213E04A600049CB5 /* Assets.xcassets */ = {isa = PBXFileReference; lastKnownFileType = folder.assetcatalog; path = Assets.xcassets; sourceTree = "<group>"; };
		FB5AF7A1213E04A600049CB5 /* Base */ = {isa = PBXFileReference; lastKnownFileType = file.storyboard; name = Base; path = Base.lproj/LaunchScreen.storyboard; sourceTree = "<group>"; };
		FB5AF7A3213E04A600049CB5 /* Info.plist */ = {isa = PBXFileReference; lastKnownFileType = text.plist.xml; path = Info.plist; sourceTree = "<group>"; };
		FB5AF7A9213E04CB00049CB5 /* Lista.storyboard */ = {isa = PBXFileReference; lastKnownFileType = file.storyboard; path = Lista.storyboard; sourceTree = "<group>"; };
		FB5AF7AB213E04D300049CB5 /* Detalle.storyboard */ = {isa = PBXFileReference; lastKnownFileType = file.storyboard; path = Detalle.storyboard; sourceTree = "<group>"; };
		FB5AF7AD213E059E00049CB5 /* ListaViewController.swift */ = {isa = PBXFileReference; lastKnownFileType = sourcecode.swift; path = ListaViewController.swift; sourceTree = "<group>"; };
		FB5AF7B1213E061300049CB5 /* DetalleViewController.swift */ = {isa = PBXFileReference; lastKnownFileType = sourcecode.swift; path = DetalleViewController.swift; sourceTree = "<group>"; };
		FB5AF7B3213E0B5600049CB5 /* Map.storyboard */ = {isa = PBXFileReference; lastKnownFileType = file.storyboard; path = Map.storyboard; sourceTree = "<group>"; };
		FB5AF7B5213E0B7400049CB5 /* MapViewController.swift */ = {isa = PBXFileReference; lastKnownFileType = sourcecode.swift; path = MapViewController.swift; sourceTree = "<group>"; };
/* End PBXFileReference section */

/* Begin PBXFrameworksBuildPhase section */
		FB5AF791213E04A400049CB5 /* Frameworks */ = {
			isa = PBXFrameworksBuildPhase;
			buildActionMask = 2147483647;
			files = (
			);
			runOnlyForDeploymentPostprocessing = 0;
		};
/* End PBXFrameworksBuildPhase section */

/* Begin PBXGroup section */
		FB5AF78B213E04A400049CB5 = {
			isa = PBXGroup;
			children = (
				FB5AF796213E04A400049CB5 /* Clase4Mod3 */,
				FB5AF795213E04A400049CB5 /* Products */,
			);
			sourceTree = "<group>";
		};
		FB5AF795213E04A400049CB5 /* Products */ = {
			isa = PBXGroup;
			children = (
				FB5AF794213E04A400049CB5 /* Clase4Mod3.app */,
			);
			name = Products;
			sourceTree = "<group>";
		};
		FB5AF796213E04A400049CB5 /* Clase4Mod3 */ = {
			isa = PBXGroup;
			children = (
				FB5AF797213E04A400049CB5 /* AppDelegate.swift */,
				FB5AF79E213E04A600049CB5 /* Assets.xcassets */,
				FB5AF7A0213E04A600049CB5 /* LaunchScreen.storyboard */,
				FB5AF7A3213E04A600049CB5 /* Info.plist */,
				FB5AF7A9213E04CB00049CB5 /* Lista.storyboard */,
				FB5AF7AB213E04D300049CB5 /* Detalle.storyboard */,
				FB5AF7AD213E059E00049CB5 /* ListaViewController.swift */,
				FB5AF7B1213E061300049CB5 /* DetalleViewController.swift */,
				FB5AF7B3213E0B5600049CB5 /* Map.storyboard */,
				FB5AF7B5213E0B7400049CB5 /* MapViewController.swift */,
			);
			path = Clase4Mod3;
			sourceTree = "<group>";
		};
/* End PBXGroup section */

/* Begin PBXNativeTarget section */
		FB5AF793213E04A400049CB5 /* Clase4Mod3 */ = {
			isa = PBXNativeTarget;
			buildConfigurationList = FB5AF7A6213E04A600049CB5 /* Build configuration list for PBXNativeTarget "Clase4Mod3" */;
			buildPhases = (
				FB5AF790213E04A400049CB5 /* Sources */,
				FB5AF791213E04A400049CB5 /* Frameworks */,
				FB5AF792213E04A400049CB5 /* Resources */,
			);
			buildRules = (
			);
			dependencies = (
			);
			name = Clase4Mod3;
			productName = Clase4Mod3;
			productReference = FB5AF794213E04A400049CB5 /* Clase4Mod3.app */;
			productType = "com.apple.product-type.application";
		};
/* End PBXNativeTarget section */

/* Begin PBXProject section */
		FB5AF78C213E04A400049CB5 /* Project object */ = {
			isa = PBXProject;
			attributes = {
				LastSwiftUpdateCheck = 1000;
				LastUpgradeCheck = 1000;
				ORGANIZATIONNAME = "Area 51 Training Center S.A.C";
				TargetAttributes = {
					FB5AF793213E04A400049CB5 = {
						CreatedOnToolsVersion = 10.0;
					};
				};
			};
			buildConfigurationList = FB5AF78F213E04A400049CB5 /* Build configuration list for PBXProject "Clase4Mod3" */;
			compatibilityVersion = "Xcode 9.3";
			developmentRegion = en;
			hasScannedForEncodings = 0;
			knownRegions = (
				en,
				Base,
			);
			mainGroup = FB5AF78B213E04A400049CB5;
			productRefGroup = FB5AF795213E04A400049CB5 /* Products */;
			projectDirPath = "";
			projectRoot = "";
			targets = (
				FB5AF793213E04A400049CB5 /* Clase4Mod3 */,
			);
		};
/* End PBXProject section */

/* Begin PBXResourcesBuildPhase section */
		FB5AF792213E04A400049CB5 /* Resources */ = {
			isa = PBXResourcesBuildPhase;
			buildActionMask = 2147483647;
			files = (
				FB5AF7AC213E04D300049CB5 /* Detalle.storyboard in Resources */,
				FB5AF7A2213E04A600049CB5 /* LaunchScreen.storyboard in Resources */,
				FB5AF7B4213E0B5600049CB5 /* Map.storyboard in Resources */,
				FB5AF79F213E04A600049CB5 /* Assets.xcassets in Resources */,
				FB5AF7AA213E04CB00049CB5 /* Lista.storyboard in Resources */,
			);
			runOnlyForDeploymentPostprocessing = 0;
		};
/* End PBXResourcesBuildPhase section */

/* Begin PBXSourcesBuildPhase section */
		FB5AF790213E04A400049CB5 /* Sources */ = {
			isa = PBXSourcesBuildPhase;
			buildActionMask = 2147483647;
			files = (
				FB5AF7B2213E061300049CB5 /* DetalleViewController.swift in Sources */,
				FB5AF7AE213E059E00049CB5 /* ListaViewController.swift in Sources */,
				FB5AF798213E04A400049CB5 /* AppDelegate.swift in Sources */,
				FB5AF7B6213E0B7400049CB5 /* MapViewController.swift in Sources */,
			);
			runOnlyForDeploymentPostprocessing = 0;
		};
/* End PBXSourcesBuildPhase section */

/* Begin PBXVariantGroup section */
		FB5AF7A0213E04A600049CB5 /* LaunchScreen.storyboard */ = {
			isa = PBXVariantGroup;
			children = (
				FB5AF7A1213E04A600049CB5 /* Base */,
			);
			name = LaunchScreen.storyboard;
			sourceTree = "<group>";
		};
/* End PBXVariantGroup section */

/* Begin XCBuildConfiguration section */
		FB5AF7A4213E04A600049CB5 /* Debug */ = {
			isa = XCBuildConfiguration;
			buildSettings = {
				ALWAYS_SEARCH_USER_PATHS = NO;
				CLANG_ANALYZER_NONNULL = YES;
				CLANG_ANALYZER_NUMBER_OBJECT_CONVERSION = YES_AGGRESSIVE;
				CLANG_CXX_LANGUAGE_STANDARD = "gnu++14";
				CLANG_CXX_LIBRARY = "libc++";
				CLANG_ENABLE_MODULES = YES;
				CLANG_ENABLE_OBJC_ARC = YES;
				CLANG_ENABLE_OBJC_WEAK = YES;
				CLANG_WARN_BLOCK_CAPTURE_AUTORELEASING = YES;
				CLANG_WARN_BOOL_CONVERSION = YES;
				CLANG_WARN_COMMA = YES;
				CLANG_WARN_CONSTANT_CONVERSION = YES;
				CLANG_WARN_DEPRECATED_OBJC_IMPLEMENTATIONS = YES;
				CLANG_WARN_DIRECT_OBJC_ISA_USAGE = YES_ERROR;
				CLANG_WARN_DOCUMENTATION_COMMENTS = YES;
				CLANG_WARN_EMPTY_BODY = YES;
				CLANG_WARN_ENUM_CONVERSION = YES;
				CLANG_WARN_INFINITE_RECURSION = YES;
				CLANG_WARN_INT_CONVERSION = YES;
				CLANG_WARN_NON_LITERAL_NULL_CONVERSION = YES;
				CLANG_WARN_OBJC_IMPLICIT_RETAIN_SELF = YES;
				CLANG_WARN_OBJC_LITERAL_CONVERSION = YES;
				CLANG_WARN_OBJC_ROOT_CLASS = YES_ERROR;
				CLANG_WARN_RANGE_LOOP_ANALYSIS = YES;
				CLANG_WARN_STRICT_PROTOTYPES = YES;
				CLANG_WARN_SUSPICIOUS_MOVE = YES;
				CLANG_WARN_UNGUARDED_AVAILABILITY = YES_AGGRESSIVE;
				CLANG_WARN_UNREACHABLE_CODE = YES;
				CLANG_WARN__DUPLICATE_METHOD_MATCH = YES;
				CODE_SIGN_IDENTITY = "iPhone Developer";
				COPY_PHASE_STRIP = NO;
				DEBUG_INFORMATION_FORMAT = dwarf;
				ENABLE_STRICT_OBJC_MSGSEND = YES;
				ENABLE_TESTABILITY = YES;
				GCC_C_LANGUAGE_STANDARD = gnu11;
				GCC_DYNAMIC_NO_PIC = NO;
				GCC_NO_COMMON_BLOCKS = YES;
				GCC_OPTIMIZATION_LEVEL = 0;
				GCC_PREPROCESSOR_DEFINITIONS = (
					"DEBUG=1",
					"$(inherited)",
				);
				GCC_WARN_64_TO_32_BIT_CONVERSION = YES;
				GCC_WARN_ABOUT_RETURN_TYPE = YES_ERROR;
				GCC_WARN_UNDECLARED_SELECTOR = YES;
				GCC_WARN_UNINITIALIZED_AUTOS = YES_AGGRESSIVE;
				GCC_WARN_UNUSED_FUNCTION = YES;
				GCC_WARN_UNUSED_VARIABLE = YES;
				IPHONEOS_DEPLOYMENT_TARGET = 12.0;
				MTL_ENABLE_DEBUG_INFO = INCLUDE_SOURCE;
				MTL_FAST_MATH = YES;
				ONLY_ACTIVE_ARCH = YES;
				SDKROOT = iphoneos;
				SWIFT_ACTIVE_COMPILATION_CONDITIONS = DEBUG;
				SWIFT_OPTIMIZATION_LEVEL = "-Onone";
			};
			name = Debug;
		};
		FB5AF7A5213E04A600049CB5 /* Release */ = {
			isa = XCBuildConfiguration;
			buildSettings = {
				ALWAYS_SEARCH_USER_PATHS = NO;
				CLANG_ANALYZER_NONNULL = YES;
				CLANG_ANALYZER_NUMBER_OBJECT_CONVERSION = YES_AGGRESSIVE;
				CLANG_CXX_LANGUAGE_STANDARD = "gnu++14";
				CLANG_CXX_LIBRARY = "libc++";
				CLANG_ENABLE_MODULES = YES;
				CLANG_ENABLE_OBJC_ARC = YES;
				CLANG_ENABLE_OBJC_WEAK = YES;
				CLANG_WARN_BLOCK_CAPTURE_AUTORELEASING = YES;
				CLANG_WARN_BOOL_CONVERSION = YES;
				CLANG_WARN_COMMA = YES;
				CLANG_WARN_CONSTANT_CONVERSION = YES;
				CLANG_WARN_DEPRECATED_OBJC_IMPLEMENTATIONS = YES;
				CLANG_WARN_DIRECT_OBJC_ISA_USAGE = YES_ERROR;
				CLANG_WARN_DOCUMENTATION_COMMENTS = YES;
				CLANG_WARN_EMPTY_BODY = YES;
				CLANG_WARN_ENUM_CONVERSION = YES;
				CLANG_WARN_INFINITE_RECURSION = YES;
				CLANG_WARN_INT_CONVERSION = YES;
				CLANG_WARN_NON_LITERAL_NULL_CONVERSION = YES;
				CLANG_WARN_OBJC_IMPLICIT_RETAIN_SELF = YES;
				CLANG_WARN_OBJC_LITERAL_CONVERSION = YES;
				CLANG_WARN_OBJC_ROOT_CLASS = YES_ERROR;
				CLANG_WARN_RANGE_LOOP_ANALYSIS = YES;
				CLANG_WARN_STRICT_PROTOTYPES = YES;
				CLANG_WARN_SUSPICIOUS_MOVE = YES;
				CLANG_WARN_UNGUARDED_AVAILABILITY = YES_AGGRESSIVE;
				CLANG_WARN_UNREACHABLE_CODE = YES;
				CLANG_WARN__DUPLICATE_METHOD_MATCH = YES;
				CODE_SIGN_IDENTITY = "iPhone Developer";
				COPY_PHASE_STRIP = NO;
				DEBUG_INFORMATION_FORMAT = "dwarf-with-dsym";
				ENABLE_NS_ASSERTIONS = NO;
				ENABLE_STRICT_OBJC_MSGSEND = YES;
				GCC_C_LANGUAGE_STANDARD = gnu11;
				GCC_NO_COMMON_BLOCKS = YES;
				GCC_WARN_64_TO_32_BIT_CONVERSION = YES;
				GCC_WARN_ABOUT_RETURN_TYPE = YES_ERROR;
				GCC_WARN_UNDECLARED_SELECTOR = YES;
				GCC_WARN_UNINITIALIZED_AUTOS = YES_AGGRESSIVE;
				GCC_WARN_UNUSED_FUNCTION = YES;
				GCC_WARN_UNUSED_VARIABLE = YES;
				IPHONEOS_DEPLOYMENT_TARGET = 12.0;
				MTL_ENABLE_DEBUG_INFO = NO;
				MTL_FAST_MATH = YES;
				SDKROOT = iphoneos;
				SWIFT_COMPILATION_MODE = wholemodule;
				SWIFT_OPTIMIZATION_LEVEL = "-O";
				VALIDATE_PRODUCT = YES;
			};
			name = Release;
		};
		FB5AF7A7213E04A600049CB5 /* Debug */ = {
			isa = XCBuildConfiguration;
			buildSettings = {
				ASSETCATALOG_COMPILER_APPICON_NAME = AppIcon;
				CODE_SIGN_STYLE = Automatic;
				DEVELOPMENT_TEAM = XJY6K7P63P;
				INFOPLIST_FILE = Clase4Mod3/Info.plist;
				LD_RUNPATH_SEARCH_PATHS = (
					"$(inherited)",
					"@executable_path/Frameworks",
				);
				PRODUCT_BUNDLE_IDENTIFIER = pe.area51.Clase4Mod3;
				PRODUCT_NAME = "$(TARGET_NAME)";
				SWIFT_VERSION = 4.2;
				TARGETED_DEVICE_FAMILY = "1,2";
			};
			name = Debug;
		};
		FB5AF7A8213E04A600049CB5 /* Release */ = {
			isa = XCBuildConfiguration;
			buildSettings = {
				ASSETCATALOG_COMPILER_APPICON_NAME = AppIcon;
				CODE_SIGN_STYLE = Automatic;
				DEVELOPMENT_TEAM = XJY6K7P63P;
				INFOPLIST_FILE = Clase4Mod3/Info.plist;
				LD_RUNPATH_SEARCH_PATHS = (
					"$(inherited)",
					"@executable_path/Frameworks",
				);
				PRODUCT_BUNDLE_IDENTIFIER = pe.area51.Clase4Mod3;
				PRODUCT_NAME = "$(TARGET_NAME)";
				SWIFT_VERSION = 4.2;
				TARGETED_DEVICE_FAMILY = "1,2";
			};
			name = Release;
		};
/* End XCBuildConfiguration section */

/* Begin XCConfigurationList section */
		FB5AF78F213E04A400049CB5 /* Build configuration list for PBXProject "Clase4Mod3" */ = {
			isa = XCConfigurationList;
			buildConfigurations = (
				FB5AF7A4213E04A600049CB5 /* Debug */,
				FB5AF7A5213E04A600049CB5 /* Release */,
			);
			defaultConfigurationIsVisible = 0;
			defaultConfigurationName = Release;
		};
		FB5AF7A6213E04A600049CB5 /* Build configuration list for PBXNativeTarget "Clase4Mod3" */ = {
			isa = XCConfigurationList;
			buildConfigurations = (
				FB5AF7A7213E04A600049CB5 /* Debug */,
				FB5AF7A8213E04A600049CB5 /* Release */,
			);
			defaultConfigurationIsVisible = 0;
			defaultConfigurationName = Release;
		};
/* End XCConfigurationList section */
	};
	rootObject = FB5AF78C213E04A400049CB5 /* Project object */;
}
